// !$*UTF8*$!
{
	archiveVersion = 1;
	classes = {
	};
	objectVersion = 55;
	objects = {

/* Begin PBXBuildFile section */
		2D64178527B8451F005B22DC /* HerosCell.swift in Sources */ = {isa = PBXBuildFile; fileRef = 2D64178427B8451F005B22DC /* HerosCell.swift */; };
		2D64178727B85385005B22DC /* BaseModel.swift in Sources */ = {isa = PBXBuildFile; fileRef = 2D64178627B85385005B22DC /* BaseModel.swift */; };
		2D64178927B85394005B22DC /* DataModel.swift in Sources */ = {isa = PBXBuildFile; fileRef = 2D64178827B85394005B22DC /* DataModel.swift */; };
		2D64178B27B9630C005B22DC /* StoriesModel.swift in Sources */ = {isa = PBXBuildFile; fileRef = 2D64178A27B9630C005B22DC /* StoriesModel.swift */; };
		2D64178D27B96384005B22DC /* StoriesItemModel.swift in Sources */ = {isa = PBXBuildFile; fileRef = 2D64178C27B96384005B22DC /* StoriesItemModel.swift */; };
		2D64179127B9781E005B22DC /* UIImageView+Extensions.swift in Sources */ = {isa = PBXBuildFile; fileRef = 2D64179027B9781E005B22DC /* UIImageView+Extensions.swift */; };
		2D64179427B97918005B22DC /* HeroDetailsViewController.swift in Sources */ = {isa = PBXBuildFile; fileRef = 2D64179327B97918005B22DC /* HeroDetailsViewController.swift */; };
		2D90DAA327B5E66200927A89 /* ThumbnailModel.swift in Sources */ = {isa = PBXBuildFile; fileRef = 2D90DAA227B5E66200927A89 /* ThumbnailModel.swift */; };
		2D90DAA527B5E6D900927A89 /* ComicsModel.swift in Sources */ = {isa = PBXBuildFile; fileRef = 2D90DAA427B5E6D900927A89 /* ComicsModel.swift */; };
		2D90DAA727B5E6FD00927A89 /* ComicsItemModel.swift in Sources */ = {isa = PBXBuildFile; fileRef = 2D90DAA627B5E6FD00927A89 /* ComicsItemModel.swift */; };
		2D90DAA927B5E72000927A89 /* UrlModel.swift in Sources */ = {isa = PBXBuildFile; fileRef = 2D90DAA827B5E72000927A89 /* UrlModel.swift */; };
		2D90DAAF27B5EC7000927A89 /* HerosListViewModel.swift in Sources */ = {isa = PBXBuildFile; fileRef = 2D90DAAE27B5EC7000927A89 /* HerosListViewModel.swift */; };
		2D90DAB227B5ED8900927A89 /* HerosService.swift in Sources */ = {isa = PBXBuildFile; fileRef = 2D90DAB127B5ED8900927A89 /* HerosService.swift */; };
		2D90DAB627B5F18300927A89 /* MarvelService.swift in Sources */ = {isa = PBXBuildFile; fileRef = 2D90DAB527B5F18300927A89 /* MarvelService.swift */; };
		2DCAED3227B1FA9C00E36C7F /* AppDelegate.swift in Sources */ = {isa = PBXBuildFile; fileRef = 2DCAED3127B1FA9C00E36C7F /* AppDelegate.swift */; };
		2DCAED3427B1FA9C00E36C7F /* SceneDelegate.swift in Sources */ = {isa = PBXBuildFile; fileRef = 2DCAED3327B1FA9C00E36C7F /* SceneDelegate.swift */; };
		2DCAED3627B1FA9C00E36C7F /* HerosListViewController.swift in Sources */ = {isa = PBXBuildFile; fileRef = 2DCAED3527B1FA9C00E36C7F /* HerosListViewController.swift */; };
		2DCAED3927B1FA9C00E36C7F /* Main.storyboard in Resources */ = {isa = PBXBuildFile; fileRef = 2DCAED3727B1FA9C00E36C7F /* Main.storyboard */; };
		2DCAED3B27B1FA9D00E36C7F /* Assets.xcassets in Resources */ = {isa = PBXBuildFile; fileRef = 2DCAED3A27B1FA9D00E36C7F /* Assets.xcassets */; };
		2DCAED3E27B1FA9D00E36C7F /* LaunchScreen.storyboard in Resources */ = {isa = PBXBuildFile; fileRef = 2DCAED3C27B1FA9D00E36C7F /* LaunchScreen.storyboard */; };
		2DF7B84A27B42D8C0011A635 /* HerosModel.swift in Sources */ = {isa = PBXBuildFile; fileRef = 2DF7B84927B42D8C0011A635 /* HerosModel.swift */; };
/* End PBXBuildFile section */

/* Begin PBXFileReference section */
		2D64178427B8451F005B22DC /* HerosCell.swift */ = {isa = PBXFileReference; lastKnownFileType = sourcecode.swift; path = HerosCell.swift; sourceTree = "<group>"; };
		2D64178627B85385005B22DC /* BaseModel.swift */ = {isa = PBXFileReference; lastKnownFileType = sourcecode.swift; path = BaseModel.swift; sourceTree = "<group>"; };
		2D64178827B85394005B22DC /* DataModel.swift */ = {isa = PBXFileReference; lastKnownFileType = sourcecode.swift; path = DataModel.swift; sourceTree = "<group>"; };
		2D64178A27B9630C005B22DC /* StoriesModel.swift */ = {isa = PBXFileReference; lastKnownFileType = sourcecode.swift; path = StoriesModel.swift; sourceTree = "<group>"; };
		2D64178C27B96384005B22DC /* StoriesItemModel.swift */ = {isa = PBXFileReference; lastKnownFileType = sourcecode.swift; path = StoriesItemModel.swift; sourceTree = "<group>"; };
		2D64179027B9781E005B22DC /* UIImageView+Extensions.swift */ = {isa = PBXFileReference; lastKnownFileType = sourcecode.swift; path = "UIImageView+Extensions.swift"; sourceTree = "<group>"; };
		2D64179327B97918005B22DC /* HeroDetailsViewController.swift */ = {isa = PBXFileReference; lastKnownFileType = sourcecode.swift; path = HeroDetailsViewController.swift; sourceTree = "<group>"; };
		2D90DAA227B5E66200927A89 /* ThumbnailModel.swift */ = {isa = PBXFileReference; lastKnownFileType = sourcecode.swift; path = ThumbnailModel.swift; sourceTree = "<group>"; };
		2D90DAA427B5E6D900927A89 /* ComicsModel.swift */ = {isa = PBXFileReference; lastKnownFileType = sourcecode.swift; path = ComicsModel.swift; sourceTree = "<group>"; };
		2D90DAA627B5E6FD00927A89 /* ComicsItemModel.swift */ = {isa = PBXFileReference; lastKnownFileType = sourcecode.swift; path = ComicsItemModel.swift; sourceTree = "<group>"; };
		2D90DAA827B5E72000927A89 /* UrlModel.swift */ = {isa = PBXFileReference; lastKnownFileType = sourcecode.swift; path = UrlModel.swift; sourceTree = "<group>"; };
		2D90DAAE27B5EC7000927A89 /* HerosListViewModel.swift */ = {isa = PBXFileReference; lastKnownFileType = sourcecode.swift; path = HerosListViewModel.swift; sourceTree = "<group>"; };
		2D90DAB127B5ED8900927A89 /* HerosService.swift */ = {isa = PBXFileReference; lastKnownFileType = sourcecode.swift; path = HerosService.swift; sourceTree = "<group>"; };
		2D90DAB527B5F18300927A89 /* MarvelService.swift */ = {isa = PBXFileReference; lastKnownFileType = sourcecode.swift; path = MarvelService.swift; sourceTree = "<group>"; };
		2DCAED2E27B1FA9C00E36C7F /* Marvel.app */ = {isa = PBXFileReference; explicitFileType = wrapper.application; includeInIndex = 0; path = Marvel.app; sourceTree = BUILT_PRODUCTS_DIR; };
		2DCAED3127B1FA9C00E36C7F /* AppDelegate.swift */ = {isa = PBXFileReference; lastKnownFileType = sourcecode.swift; path = AppDelegate.swift; sourceTree = "<group>"; };
		2DCAED3327B1FA9C00E36C7F /* SceneDelegate.swift */ = {isa = PBXFileReference; lastKnownFileType = sourcecode.swift; path = SceneDelegate.swift; sourceTree = "<group>"; };
		2DCAED3527B1FA9C00E36C7F /* HerosListViewController.swift */ = {isa = PBXFileReference; lastKnownFileType = sourcecode.swift; path = HerosListViewController.swift; sourceTree = "<group>"; };
		2DCAED3827B1FA9C00E36C7F /* Base */ = {isa = PBXFileReference; lastKnownFileType = file.storyboard; name = Base; path = Base.lproj/Main.storyboard; sourceTree = "<group>"; };
		2DCAED3A27B1FA9D00E36C7F /* Assets.xcassets */ = {isa = PBXFileReference; lastKnownFileType = folder.assetcatalog; path = Assets.xcassets; sourceTree = "<group>"; };
		2DCAED3D27B1FA9D00E36C7F /* Base */ = {isa = PBXFileReference; lastKnownFileType = file.storyboard; name = Base; path = Base.lproj/LaunchScreen.storyboard; sourceTree = "<group>"; };
		2DCAED3F27B1FA9D00E36C7F /* Info.plist */ = {isa = PBXFileReference; lastKnownFileType = text.plist.xml; path = Info.plist; sourceTree = "<group>"; };
		2DF7B84927B42D8C0011A635 /* HerosModel.swift */ = {isa = PBXFileReference; lastKnownFileType = sourcecode.swift; path = HerosModel.swift; sourceTree = "<group>"; };
/* End PBXFileReference section */

/* Begin PBXFrameworksBuildPhase section */
		2DCAED2B27B1FA9C00E36C7F /* Frameworks */ = {
			isa = PBXFrameworksBuildPhase;
			buildActionMask = 2147483647;
			files = (
			);
			runOnlyForDeploymentPostprocessing = 0;
		};
/* End PBXFrameworksBuildPhase section */

/* Begin PBXGroup section */
		2D64178227B844DA005B22DC /* Views */ = {
			isa = PBXGroup;
			children = (
				2D64178327B844ED005B22DC /* Cell */,
				2D90DAAB27B5EB7400927A89 /* Controller */,
			);
			path = Views;
			sourceTree = "<group>";
		};
		2D64178327B844ED005B22DC /* Cell */ = {
			isa = PBXGroup;
			children = (
				2D64178427B8451F005B22DC /* HerosCell.swift */,
			);
			path = Cell;
			sourceTree = "<group>";
		};
		2D64178E27B977F3005B22DC /* Shared */ = {
			isa = PBXGroup;
			children = (
				2D64178F27B97800005B22DC /* Extensions */,
			);
			path = Shared;
			sourceTree = "<group>";
		};
		2D64178F27B97800005B22DC /* Extensions */ = {
			isa = PBXGroup;
			children = (
				2D64179027B9781E005B22DC /* UIImageView+Extensions.swift */,
			);
			path = Extensions;
			sourceTree = "<group>";
		};
		2D64179227B978C1005B22DC /* HeroDetails */ = {
			isa = PBXGroup;
			children = (
				2D64179327B97918005B22DC /* HeroDetailsViewController.swift */,
			);
			path = HeroDetails;
			sourceTree = "<group>";
		};
		2D90DAAA27B5E82500927A89 /* Models */ = {
			isa = PBXGroup;
			children = (
				2D64178627B85385005B22DC /* BaseModel.swift */,
				2D64178827B85394005B22DC /* DataModel.swift */,
				2DF7B84927B42D8C0011A635 /* HerosModel.swift */,
				2D90DAA227B5E66200927A89 /* ThumbnailModel.swift */,
				2D90DAA827B5E72000927A89 /* UrlModel.swift */,
				2D90DAA627B5E6FD00927A89 /* ComicsItemModel.swift */,
				2D90DAA427B5E6D900927A89 /* ComicsModel.swift */,
				2D64178A27B9630C005B22DC /* StoriesModel.swift */,
				2D64178C27B96384005B22DC /* StoriesItemModel.swift */,
			);
			path = Models;
			sourceTree = "<group>";
		};
		2D90DAAB27B5EB7400927A89 /* Controller */ = {
			isa = PBXGroup;
			children = (
				2DCAED3527B1FA9C00E36C7F /* HerosListViewController.swift */,
			);
			path = Controller;
			sourceTree = "<group>";
		};
		2D90DAAC27B5EC3000927A89 /* Features */ = {
			isa = PBXGroup;
			children = (
				2D90DAB427B5F16800927A89 /* Service */,
				2D90DAB327B5F0AB00927A89 /* HerosList */,
				2D64179227B978C1005B22DC /* HeroDetails */,
			);
			path = Features;
			sourceTree = "<group>";
		};
		2D90DAAD27B5EC3B00927A89 /* ViewModel */ = {
			isa = PBXGroup;
			children = (
				2D90DAAE27B5EC7000927A89 /* HerosListViewModel.swift */,
			);
			path = ViewModel;
			sourceTree = "<group>";
		};
		2D90DAB027B5ED7D00927A89 /* Service */ = {
			isa = PBXGroup;
			children = (
				2D90DAB127B5ED8900927A89 /* HerosService.swift */,
			);
			path = Service;
			sourceTree = "<group>";
		};
		2D90DAB327B5F0AB00927A89 /* HerosList */ = {
			isa = PBXGroup;
			children = (
				2D90DAB027B5ED7D00927A89 /* Service */,
				2D90DAAA27B5E82500927A89 /* Models */,
				2D90DAAD27B5EC3B00927A89 /* ViewModel */,
				2D64178227B844DA005B22DC /* Views */,
			);
			path = HerosList;
			sourceTree = "<group>";
		};
		2D90DAB427B5F16800927A89 /* Service */ = {
			isa = PBXGroup;
			children = (
				2D90DAB527B5F18300927A89 /* MarvelService.swift */,
			);
			path = Service;
			sourceTree = "<group>";
		};
		2D90DAB727B5F19100927A89 /* App */ = {
			isa = PBXGroup;
			children = (
				2D90DAB827B5F1A400927A89 /* Core */,
				2D90DABA27B5F1BA00927A89 /* Storyboards */,
				2D90DAB927B5F1AC00927A89 /* SupportingFiles */,
			);
			path = App;
			sourceTree = "<group>";
		};
		2D90DAB827B5F1A400927A89 /* Core */ = {
			isa = PBXGroup;
			children = (
				2DCAED3127B1FA9C00E36C7F /* AppDelegate.swift */,
				2DCAED3327B1FA9C00E36C7F /* SceneDelegate.swift */,
			);
			path = Core;
			sourceTree = "<group>";
		};
		2D90DAB927B5F1AC00927A89 /* SupportingFiles */ = {
			isa = PBXGroup;
			children = (
				2DCAED3A27B1FA9D00E36C7F /* Assets.xcassets */,
				2DCAED3F27B1FA9D00E36C7F /* Info.plist */,
			);
			path = SupportingFiles;
			sourceTree = "<group>";
		};
		2D90DABA27B5F1BA00927A89 /* Storyboards */ = {
			isa = PBXGroup;
			children = (
				2DCAED3727B1FA9C00E36C7F /* Main.storyboard */,
				2DCAED3C27B1FA9D00E36C7F /* LaunchScreen.storyboard */,
			);
			path = Storyboards;
			sourceTree = "<group>";
		};
		2DCAED2527B1FA9C00E36C7F = {
			isa = PBXGroup;
			children = (
				2DCAED3027B1FA9C00E36C7F /* Marvel */,
				2DCAED2F27B1FA9C00E36C7F /* Products */,
			);
			sourceTree = "<group>";
		};
		2DCAED2F27B1FA9C00E36C7F /* Products */ = {
			isa = PBXGroup;
			children = (
				2DCAED2E27B1FA9C00E36C7F /* Marvel.app */,
			);
			name = Products;
			sourceTree = "<group>";
		};
		2DCAED3027B1FA9C00E36C7F /* Marvel */ = {
			isa = PBXGroup;
			children = (
				2D90DAB727B5F19100927A89 /* App */,
				2D90DAAC27B5EC3000927A89 /* Features */,
				2D64178E27B977F3005B22DC /* Shared */,
			);
			path = Marvel;
			sourceTree = "<group>";
		};
/* End PBXGroup section */

/* Begin PBXNativeTarget section */
		2DCAED2D27B1FA9C00E36C7F /* Marvel */ = {
			isa = PBXNativeTarget;
			buildConfigurationList = 2DCAED4227B1FA9D00E36C7F /* Build configuration list for PBXNativeTarget "Marvel" */;
			buildPhases = (
				2DCAED2A27B1FA9C00E36C7F /* Sources */,
				2DCAED2B27B1FA9C00E36C7F /* Frameworks */,
				2DCAED2C27B1FA9C00E36C7F /* Resources */,
			);
			buildRules = (
			);
			dependencies = (
			);
			name = Marvel;
			productName = Marvel;
			productReference = 2DCAED2E27B1FA9C00E36C7F /* Marvel.app */;
			productType = "com.apple.product-type.application";
		};
/* End PBXNativeTarget section */

/* Begin PBXProject section */
		2DCAED2627B1FA9C00E36C7F /* Project object */ = {
			isa = PBXProject;
			attributes = {
				BuildIndependentTargetsInParallel = 1;
				LastSwiftUpdateCheck = 1320;
				LastUpgradeCheck = 1320;
				TargetAttributes = {
					2DCAED2D27B1FA9C00E36C7F = {
						CreatedOnToolsVersion = 13.2.1;
					};
				};
			};
			buildConfigurationList = 2DCAED2927B1FA9C00E36C7F /* Build configuration list for PBXProject "Marvel" */;
			compatibilityVersion = "Xcode 13.0";
			developmentRegion = en;
			hasScannedForEncodings = 0;
			knownRegions = (
				en,
				Base,
			);
			mainGroup = 2DCAED2527B1FA9C00E36C7F;
			productRefGroup = 2DCAED2F27B1FA9C00E36C7F /* Products */;
			projectDirPath = "";
			projectRoot = "";
			targets = (
				2DCAED2D27B1FA9C00E36C7F /* Marvel */,
			);
		};
/* End PBXProject section */

/* Begin PBXResourcesBuildPhase section */
		2DCAED2C27B1FA9C00E36C7F /* Resources */ = {
			isa = PBXResourcesBuildPhase;
			buildActionMask = 2147483647;
			files = (
				2DCAED3E27B1FA9D00E36C7F /* LaunchScreen.storyboard in Resources */,
				2DCAED3B27B1FA9D00E36C7F /* Assets.xcassets in Resources */,
				2DCAED3927B1FA9C00E36C7F /* Main.storyboard in Resources */,
			);
			runOnlyForDeploymentPostprocessing = 0;
		};
/* End PBXResourcesBuildPhase section */

/* Begin PBXSourcesBuildPhase section */
		2DCAED2A27B1FA9C00E36C7F /* Sources */ = {
			isa = PBXSourcesBuildPhase;
			buildActionMask = 2147483647;
			files = (
				2DCAED3627B1FA9C00E36C7F /* HerosListViewController.swift in Sources */,
				2D90DAB627B5F18300927A89 /* MarvelService.swift in Sources */,
				2D90DAA327B5E66200927A89 /* ThumbnailModel.swift in Sources */,
				2D64178727B85385005B22DC /* BaseModel.swift in Sources */,
				2D64179127B9781E005B22DC /* UIImageView+Extensions.swift in Sources */,
				2DF7B84A27B42D8C0011A635 /* HerosModel.swift in Sources */,
				2D64178D27B96384005B22DC /* StoriesItemModel.swift in Sources */,
				2D64178B27B9630C005B22DC /* StoriesModel.swift in Sources */,
				2D90DAA727B5E6FD00927A89 /* ComicsItemModel.swift in Sources */,
				2DCAED3227B1FA9C00E36C7F /* AppDelegate.swift in Sources */,
				2D64178927B85394005B22DC /* DataModel.swift in Sources */,
				2D64179427B97918005B22DC /* HeroDetailsViewController.swift in Sources */,
				2D90DAA927B5E72000927A89 /* UrlModel.swift in Sources */,
				2D64178527B8451F005B22DC /* HerosCell.swift in Sources */,
				2DCAED3427B1FA9C00E36C7F /* SceneDelegate.swift in Sources */,
				2D90DAB227B5ED8900927A89 /* HerosService.swift in Sources */,
				2D90DAAF27B5EC7000927A89 /* HerosListViewModel.swift in Sources */,
				2D90DAA527B5E6D900927A89 /* ComicsModel.swift in Sources */,
			);
			runOnlyForDeploymentPostprocessing = 0;
		};
/* End PBXSourcesBuildPhase section */

/* Begin PBXVariantGroup section */
		2DCAED3727B1FA9C00E36C7F /* Main.storyboard */ = {
			isa = PBXVariantGroup;
			children = (
				2DCAED3827B1FA9C00E36C7F /* Base */,
			);
			name = Main.storyboard;
			sourceTree = "<group>";
		};
		2DCAED3C27B1FA9D00E36C7F /* LaunchScreen.storyboard */ = {
			isa = PBXVariantGroup;
			children = (
				2DCAED3D27B1FA9D00E36C7F /* Base */,
			);
			name = LaunchScreen.storyboard;
			sourceTree = "<group>";
		};
/* End PBXVariantGroup section */

/* Begin XCBuildConfiguration section */
		2DCAED4027B1FA9D00E36C7F /* Debug */ = {
			isa = XCBuildConfiguration;
			buildSettings = {
				ALWAYS_SEARCH_USER_PATHS = NO;
				CLANG_ANALYZER_NONNULL = YES;
				CLANG_ANALYZER_NUMBER_OBJECT_CONVERSION = YES_AGGRESSIVE;
				CLANG_CXX_LANGUAGE_STANDARD = "gnu++17";
				CLANG_CXX_LIBRARY = "libc++";
				CLANG_ENABLE_MODULES = YES;
				CLANG_ENABLE_OBJC_ARC = YES;
				CLANG_ENABLE_OBJC_WEAK = YES;
				CLANG_WARN_BLOCK_CAPTURE_AUTORELEASING = YES;
				CLANG_WARN_BOOL_CONVERSION = YES;
				CLANG_WARN_COMMA = YES;
				CLANG_WARN_CONSTANT_CONVERSION = YES;
				CLANG_WARN_DEPRECATED_OBJC_IMPLEMENTATIONS = YES;
				CLANG_WARN_DIRECT_OBJC_ISA_USAGE = YES_ERROR;
				CLANG_WARN_DOCUMENTATION_COMMENTS = YES;
				CLANG_WARN_EMPTY_BODY = YES;
				CLANG_WARN_ENUM_CONVERSION = YES;
				CLANG_WARN_INFINITE_RECURSION = YES;
				CLANG_WARN_INT_CONVERSION = YES;
				CLANG_WARN_NON_LITERAL_NULL_CONVERSION = YES;
				CLANG_WARN_OBJC_IMPLICIT_RETAIN_SELF = YES;
				CLANG_WARN_OBJC_LITERAL_CONVERSION = YES;
				CLANG_WARN_OBJC_ROOT_CLASS = YES_ERROR;
				CLANG_WARN_QUOTED_INCLUDE_IN_FRAMEWORK_HEADER = YES;
				CLANG_WARN_RANGE_LOOP_ANALYSIS = YES;
				CLANG_WARN_STRICT_PROTOTYPES = YES;
				CLANG_WARN_SUSPICIOUS_MOVE = YES;
				CLANG_WARN_UNGUARDED_AVAILABILITY = YES_AGGRESSIVE;
				CLANG_WARN_UNREACHABLE_CODE = YES;
				CLANG_WARN__DUPLICATE_METHOD_MATCH = YES;
				COPY_PHASE_STRIP = NO;
				DEBUG_INFORMATION_FORMAT = dwarf;
				ENABLE_STRICT_OBJC_MSGSEND = YES;
				ENABLE_TESTABILITY = YES;
				GCC_C_LANGUAGE_STANDARD = gnu11;
				GCC_DYNAMIC_NO_PIC = NO;
				GCC_NO_COMMON_BLOCKS = YES;
				GCC_OPTIMIZATION_LEVEL = 0;
				GCC_PREPROCESSOR_DEFINITIONS = (
					"DEBUG=1",
					"$(inherited)",
				);
				GCC_WARN_64_TO_32_BIT_CONVERSION = YES;
				GCC_WARN_ABOUT_RETURN_TYPE = YES_ERROR;
				GCC_WARN_UNDECLARED_SELECTOR = YES;
				GCC_WARN_UNINITIALIZED_AUTOS = YES_AGGRESSIVE;
				GCC_WARN_UNUSED_FUNCTION = YES;
				GCC_WARN_UNUSED_VARIABLE = YES;
				IPHONEOS_DEPLOYMENT_TARGET = 15.2;
				MTL_ENABLE_DEBUG_INFO = INCLUDE_SOURCE;
				MTL_FAST_MATH = YES;
				ONLY_ACTIVE_ARCH = YES;
				SDKROOT = iphoneos;
				SWIFT_ACTIVE_COMPILATION_CONDITIONS = DEBUG;
				SWIFT_OPTIMIZATION_LEVEL = "-Onone";
			};
			name = Debug;
		};
		2DCAED4127B1FA9D00E36C7F /* Release */ = {
			isa = XCBuildConfiguration;
			buildSettings = {
				ALWAYS_SEARCH_USER_PATHS = NO;
				CLANG_ANALYZER_NONNULL = YES;
				CLANG_ANALYZER_NUMBER_OBJECT_CONVERSION = YES_AGGRESSIVE;
				CLANG_CXX_LANGUAGE_STANDARD = "gnu++17";
				CLANG_CXX_LIBRARY = "libc++";
				CLANG_ENABLE_MODULES = YES;
				CLANG_ENABLE_OBJC_ARC = YES;
				CLANG_ENABLE_OBJC_WEAK = YES;
				CLANG_WARN_BLOCK_CAPTURE_AUTORELEASING = YES;
				CLANG_WARN_BOOL_CONVERSION = YES;
				CLANG_WARN_COMMA = YES;
				CLANG_WARN_CONSTANT_CONVERSION = YES;
				CLANG_WARN_DEPRECATED_OBJC_IMPLEMENTATIONS = YES;
				CLANG_WARN_DIRECT_OBJC_ISA_USAGE = YES_ERROR;
				CLANG_WARN_DOCUMENTATION_COMMENTS = YES;
				CLANG_WARN_EMPTY_BODY = YES;
				CLANG_WARN_ENUM_CONVERSION = YES;
				CLANG_WARN_INFINITE_RECURSION = YES;
				CLANG_WARN_INT_CONVERSION = YES;
				CLANG_WARN_NON_LITERAL_NULL_CONVERSION = YES;
				CLANG_WARN_OBJC_IMPLICIT_RETAIN_SELF = YES;
				CLANG_WARN_OBJC_LITERAL_CONVERSION = YES;
				CLANG_WARN_OBJC_ROOT_CLASS = YES_ERROR;
				CLANG_WARN_QUOTED_INCLUDE_IN_FRAMEWORK_HEADER = YES;
				CLANG_WARN_RANGE_LOOP_ANALYSIS = YES;
				CLANG_WARN_STRICT_PROTOTYPES = YES;
				CLANG_WARN_SUSPICIOUS_MOVE = YES;
				CLANG_WARN_UNGUARDED_AVAILABILITY = YES_AGGRESSIVE;
				CLANG_WARN_UNREACHABLE_CODE = YES;
				CLANG_WARN__DUPLICATE_METHOD_MATCH = YES;
				COPY_PHASE_STRIP = NO;
				DEBUG_INFORMATION_FORMAT = "dwarf-with-dsym";
				ENABLE_NS_ASSERTIONS = NO;
				ENABLE_STRICT_OBJC_MSGSEND = YES;
				GCC_C_LANGUAGE_STANDARD = gnu11;
				GCC_NO_COMMON_BLOCKS = YES;
				GCC_WARN_64_TO_32_BIT_CONVERSION = YES;
				GCC_WARN_ABOUT_RETURN_TYPE = YES_ERROR;
				GCC_WARN_UNDECLARED_SELECTOR = YES;
				GCC_WARN_UNINITIALIZED_AUTOS = YES_AGGRESSIVE;
				GCC_WARN_UNUSED_FUNCTION = YES;
				GCC_WARN_UNUSED_VARIABLE = YES;
				IPHONEOS_DEPLOYMENT_TARGET = 15.2;
				MTL_ENABLE_DEBUG_INFO = NO;
				MTL_FAST_MATH = YES;
				SDKROOT = iphoneos;
				SWIFT_COMPILATION_MODE = wholemodule;
				SWIFT_OPTIMIZATION_LEVEL = "-O";
				VALIDATE_PRODUCT = YES;
			};
			name = Release;
		};
		2DCAED4327B1FA9D00E36C7F /* Debug */ = {
			isa = XCBuildConfiguration;
			buildSettings = {
				ASSETCATALOG_COMPILER_APPICON_NAME = AppIcon;
				ASSETCATALOG_COMPILER_GLOBAL_ACCENT_COLOR_NAME = AccentColor;
				CODE_SIGN_STYLE = Automatic;
				CURRENT_PROJECT_VERSION = 1;
				DEVELOPMENT_TEAM = 69KP7AWB28;
				GENERATE_INFOPLIST_FILE = YES;
				INFOPLIST_FILE = Marvel/App/SupportingFiles/Info.plist;
				INFOPLIST_KEY_UIApplicationSupportsIndirectInputEvents = YES;
				INFOPLIST_KEY_UILaunchStoryboardName = LaunchScreen;
				INFOPLIST_KEY_UIMainStoryboardFile = Main;
				INFOPLIST_KEY_UISupportedInterfaceOrientations_iPad = "UIInterfaceOrientationPortrait UIInterfaceOrientationPortraitUpsideDown UIInterfaceOrientationLandscapeLeft UIInterfaceOrientationLandscapeRight";
				INFOPLIST_KEY_UISupportedInterfaceOrientations_iPhone = "UIInterfaceOrientationPortrait UIInterfaceOrientationLandscapeLeft UIInterfaceOrientationLandscapeRight";
				LD_RUNPATH_SEARCH_PATHS = (
					"$(inherited)",
					"@executable_path/Frameworks",
				);
				MARKETING_VERSION = 1.0;
				PRODUCT_BUNDLE_IDENTIFIER = com.VitorSpessoto.Marvel;
				PRODUCT_NAME = "$(TARGET_NAME)";
				SWIFT_EMIT_LOC_STRINGS = YES;
				SWIFT_VERSION = 5.0;
				TARGETED_DEVICE_FAMILY = "1,2";
			};
			name = Debug;
		};
		2DCAED4427B1FA9D00E36C7F /* Release */ = {
			isa = XCBuildConfiguration;
			buildSettings = {
				ASSETCATALOG_COMPILER_APPICON_NAME = AppIcon;
				ASSETCATALOG_COMPILER_GLOBAL_ACCENT_COLOR_NAME = AccentColor;
				CODE_SIGN_STYLE = Automatic;
				CURRENT_PROJECT_VERSION = 1;
				DEVELOPMENT_TEAM = 69KP7AWB28;
				GENERATE_INFOPLIST_FILE = YES;
				INFOPLIST_FILE = Marvel/App/SupportingFiles/Info.plist;
				INFOPLIST_KEY_UIApplicationSupportsIndirectInputEvents = YES;
				INFOPLIST_KEY_UILaunchStoryboardName = LaunchScreen;
				INFOPLIST_KEY_UIMainStoryboardFile = Main;
				INFOPLIST_KEY_UISupportedInterfaceOrientations_iPad = "UIInterfaceOrientationPortrait UIInterfaceOrientationPortraitUpsideDown UIInterfaceOrientationLandscapeLeft UIInterfaceOrientationLandscapeRight";
				INFOPLIST_KEY_UISupportedInterfaceOrientations_iPhone = "UIInterfaceOrientationPortrait UIInterfaceOrientationLandscapeLeft UIInterfaceOrientationLandscapeRight";
				LD_RUNPATH_SEARCH_PATHS = (
					"$(inherited)",
					"@executable_path/Frameworks",
				);
				MARKETING_VERSION = 1.0;
				PRODUCT_BUNDLE_IDENTIFIER = com.VitorSpessoto.Marvel;
				PRODUCT_NAME = "$(TARGET_NAME)";
				SWIFT_EMIT_LOC_STRINGS = YES;
				SWIFT_VERSION = 5.0;
				TARGETED_DEVICE_FAMILY = "1,2";
			};
			name = Release;
		};
/* End XCBuildConfiguration section */

/* Begin XCConfigurationList section */
		2DCAED2927B1FA9C00E36C7F /* Build configuration list for PBXProject "Marvel" */ = {
			isa = XCConfigurationList;
			buildConfigurations = (
				2DCAED4027B1FA9D00E36C7F /* Debug */,
				2DCAED4127B1FA9D00E36C7F /* Release */,
			);
			defaultConfigurationIsVisible = 0;
			defaultConfigurationName = Release;
		};
		2DCAED4227B1FA9D00E36C7F /* Build configuration list for PBXNativeTarget "Marvel" */ = {
			isa = XCConfigurationList;
			buildConfigurations = (
				2DCAED4327B1FA9D00E36C7F /* Debug */,
				2DCAED4427B1FA9D00E36C7F /* Release */,
			);
			defaultConfigurationIsVisible = 0;
			defaultConfigurationName = Release;
		};
/* End XCConfigurationList section */
	};
	rootObject = 2DCAED2627B1FA9C00E36C7F /* Project object */;
}
